// !$*UTF8*$!
{
	archiveVersion = 1;
	classes = {
	};
	objectVersion = 55;
	objects = {

/* Begin PBXBuildFile section */
		19275254283C461A000DFCA5 /* SeriesListViewModel.swift in Sources */ = {isa = PBXBuildFile; fileRef = 19275253283C461A000DFCA5 /* SeriesListViewModel.swift */; };
		19275258283C4BF1000DFCA5 /* Client in Frameworks */ = {isa = PBXBuildFile; productRef = 19275257283C4BF1000DFCA5 /* Client */; };
		1927525C283C6AB5000DFCA5 /* ClientService.swift in Sources */ = {isa = PBXBuildFile; fileRef = 1927525B283C6AB4000DFCA5 /* ClientService.swift */; };
		1927525E283C6B16000DFCA5 /* SeriesRepository.swift in Sources */ = {isa = PBXBuildFile; fileRef = 1927525D283C6B16000DFCA5 /* SeriesRepository.swift */; };
		19275263283C7127000DFCA5 /* Dependencies.swift in Sources */ = {isa = PBXBuildFile; fileRef = 19275262283C7127000DFCA5 /* Dependencies.swift */; };
		19B812E7283D8673004F22AF /* Series.swift in Sources */ = {isa = PBXBuildFile; fileRef = 19B812E6283D8673004F22AF /* Series.swift */; };
		19B812EB283DA21C004F22AF /* MockSeriesFetching.swift in Sources */ = {isa = PBXBuildFile; fileRef = 19B812EA283DA21C004F22AF /* MockSeriesFetching.swift */; };
		19B812ED283DA7CE004F22AF /* ClientServiceTests.swift in Sources */ = {isa = PBXBuildFile; fileRef = 19B812EC283DA7CE004F22AF /* ClientServiceTests.swift */; };
		19B812EF283DA8B1004F22AF /* MockClientRequester.swift in Sources */ = {isa = PBXBuildFile; fileRef = 19B812EE283DA8B1004F22AF /* MockClientRequester.swift */; };
		19B812F1283DAA41004F22AF /* MockProvider.swift in Sources */ = {isa = PBXBuildFile; fileRef = 19B812F0283DAA41004F22AF /* MockProvider.swift */; };
		19C9073428381F2200C0EDC1 /* TVListApp.swift in Sources */ = {isa = PBXBuildFile; fileRef = 19C9073328381F2200C0EDC1 /* TVListApp.swift */; };
		19C9073628381F2200C0EDC1 /* SeriesListView.swift in Sources */ = {isa = PBXBuildFile; fileRef = 19C9073528381F2200C0EDC1 /* SeriesListView.swift */; };
		19C9073828381F2400C0EDC1 /* Assets.xcassets in Resources */ = {isa = PBXBuildFile; fileRef = 19C9073728381F2400C0EDC1 /* Assets.xcassets */; };
		19C9073B28381F2400C0EDC1 /* Preview Assets.xcassets in Resources */ = {isa = PBXBuildFile; fileRef = 19C9073A28381F2400C0EDC1 /* Preview Assets.xcassets */; };
		19C9074528381F2400C0EDC1 /* SeriesRepositoryTests.swift in Sources */ = {isa = PBXBuildFile; fileRef = 19C9074428381F2400C0EDC1 /* SeriesRepositoryTests.swift */; };
/* End PBXBuildFile section */

/* Begin PBXContainerItemProxy section */
		19C9074128381F2400C0EDC1 /* PBXContainerItemProxy */ = {
			isa = PBXContainerItemProxy;
			containerPortal = 19C9072828381F2200C0EDC1 /* Project object */;
			proxyType = 1;
			remoteGlobalIDString = 19C9072F28381F2200C0EDC1;
			remoteInfo = TVList;
		};
		19C9074B28381F2400C0EDC1 /* PBXContainerItemProxy */ = {
			isa = PBXContainerItemProxy;
			containerPortal = 19C9072828381F2200C0EDC1 /* Project object */;
			proxyType = 1;
			remoteGlobalIDString = 19C9072F28381F2200C0EDC1;
			remoteInfo = TVList;
		};
/* End PBXContainerItemProxy section */

/* Begin PBXFileReference section */
		19275253283C461A000DFCA5 /* SeriesListViewModel.swift */ = {isa = PBXFileReference; lastKnownFileType = sourcecode.swift; path = SeriesListViewModel.swift; sourceTree = "<group>"; };
		19275255283C4664000DFCA5 /* Client */ = {isa = PBXFileReference; lastKnownFileType = wrapper; path = Client; sourceTree = "<group>"; };
		1927525B283C6AB4000DFCA5 /* ClientService.swift */ = {isa = PBXFileReference; lastKnownFileType = sourcecode.swift; path = ClientService.swift; sourceTree = "<group>"; };
		1927525D283C6B16000DFCA5 /* SeriesRepository.swift */ = {isa = PBXFileReference; lastKnownFileType = sourcecode.swift; path = SeriesRepository.swift; sourceTree = "<group>"; };
		19275262283C7127000DFCA5 /* Dependencies.swift */ = {isa = PBXFileReference; lastKnownFileType = sourcecode.swift; path = Dependencies.swift; sourceTree = "<group>"; };
		19B812E6283D8673004F22AF /* Series.swift */ = {isa = PBXFileReference; lastKnownFileType = sourcecode.swift; path = Series.swift; sourceTree = "<group>"; };
		19B812EA283DA21C004F22AF /* MockSeriesFetching.swift */ = {isa = PBXFileReference; lastKnownFileType = sourcecode.swift; path = MockSeriesFetching.swift; sourceTree = "<group>"; };
		19B812EC283DA7CE004F22AF /* ClientServiceTests.swift */ = {isa = PBXFileReference; lastKnownFileType = sourcecode.swift; path = ClientServiceTests.swift; sourceTree = "<group>"; };
		19B812EE283DA8B1004F22AF /* MockClientRequester.swift */ = {isa = PBXFileReference; lastKnownFileType = sourcecode.swift; path = MockClientRequester.swift; sourceTree = "<group>"; };
		19B812F0283DAA41004F22AF /* MockProvider.swift */ = {isa = PBXFileReference; lastKnownFileType = sourcecode.swift; path = MockProvider.swift; sourceTree = "<group>"; };
		19C9073028381F2200C0EDC1 /* TVList.app */ = {isa = PBXFileReference; explicitFileType = wrapper.application; includeInIndex = 0; path = TVList.app; sourceTree = BUILT_PRODUCTS_DIR; };
		19C9073328381F2200C0EDC1 /* TVListApp.swift */ = {isa = PBXFileReference; lastKnownFileType = sourcecode.swift; path = TVListApp.swift; sourceTree = "<group>"; };
		19C9073528381F2200C0EDC1 /* SeriesListView.swift */ = {isa = PBXFileReference; lastKnownFileType = sourcecode.swift; path = SeriesListView.swift; sourceTree = "<group>"; };
		19C9073728381F2400C0EDC1 /* Assets.xcassets */ = {isa = PBXFileReference; lastKnownFileType = folder.assetcatalog; path = Assets.xcassets; sourceTree = "<group>"; };
		19C9073A28381F2400C0EDC1 /* Preview Assets.xcassets */ = {isa = PBXFileReference; lastKnownFileType = folder.assetcatalog; path = "Preview Assets.xcassets"; sourceTree = "<group>"; };
		19C9074028381F2400C0EDC1 /* TVListTests.xctest */ = {isa = PBXFileReference; explicitFileType = wrapper.cfbundle; includeInIndex = 0; path = TVListTests.xctest; sourceTree = BUILT_PRODUCTS_DIR; };
		19C9074428381F2400C0EDC1 /* SeriesRepositoryTests.swift */ = {isa = PBXFileReference; lastKnownFileType = sourcecode.swift; path = SeriesRepositoryTests.swift; sourceTree = "<group>"; };
		19C9074A28381F2400C0EDC1 /* TVListUITests.xctest */ = {isa = PBXFileReference; explicitFileType = wrapper.cfbundle; includeInIndex = 0; path = TVListUITests.xctest; sourceTree = BUILT_PRODUCTS_DIR; };
/* End PBXFileReference section */

/* Begin PBXFrameworksBuildPhase section */
		19C9072D28381F2200C0EDC1 /* Frameworks */ = {
			isa = PBXFrameworksBuildPhase;
			buildActionMask = 2147483647;
			files = (
				19275258283C4BF1000DFCA5 /* Client in Frameworks */,
			);
			runOnlyForDeploymentPostprocessing = 0;
		};
		19C9073D28381F2400C0EDC1 /* Frameworks */ = {
			isa = PBXFrameworksBuildPhase;
			buildActionMask = 2147483647;
			files = (
			);
			runOnlyForDeploymentPostprocessing = 0;
		};
		19C9074728381F2400C0EDC1 /* Frameworks */ = {
			isa = PBXFrameworksBuildPhase;
			buildActionMask = 2147483647;
			files = (
			);
			runOnlyForDeploymentPostprocessing = 0;
		};
/* End PBXFrameworksBuildPhase section */

/* Begin PBXGroup section */
		19275256283C4BF1000DFCA5 /* Frameworks */ = {
			isa = PBXGroup;
			children = (
			);
			name = Frameworks;
			sourceTree = "<group>";
		};
		1927525F283C6B1A000DFCA5 /* Data */ = {
			isa = PBXGroup;
			children = (
				19B812E5283D8660004F22AF /* Models */,
				1927525B283C6AB4000DFCA5 /* ClientService.swift */,
				1927525D283C6B16000DFCA5 /* SeriesRepository.swift */,
				19275262283C7127000DFCA5 /* Dependencies.swift */,
			);
			path = Data;
			sourceTree = "<group>";
		};
		19275261283C6B25000DFCA5 /* Scenes */ = {
			isa = PBXGroup;
			children = (
				19C9073528381F2200C0EDC1 /* SeriesListView.swift */,
				19275253283C461A000DFCA5 /* SeriesListViewModel.swift */,
			);
			path = Scenes;
			sourceTree = "<group>";
		};
		19B812E5283D8660004F22AF /* Models */ = {
			isa = PBXGroup;
			children = (
				19B812E6283D8673004F22AF /* Series.swift */,
			);
			path = Models;
			sourceTree = "<group>";
		};
		19B812E8283DA1BD004F22AF /* Data */ = {
			isa = PBXGroup;
			children = (
				19C9074428381F2400C0EDC1 /* SeriesRepositoryTests.swift */,
				19B812EC283DA7CE004F22AF /* ClientServiceTests.swift */,
			);
			path = Data;
			sourceTree = "<group>";
		};
		19B812E9283DA1C1004F22AF /* Mock */ = {
			isa = PBXGroup;
			children = (
				19B812EA283DA21C004F22AF /* MockSeriesFetching.swift */,
				19B812EE283DA8B1004F22AF /* MockClientRequester.swift */,
				19B812F0283DAA41004F22AF /* MockProvider.swift */,
			);
			path = Mock;
			sourceTree = "<group>";
		};
		19C9072728381F2200C0EDC1 = {
			isa = PBXGroup;
			children = (
				19275255283C4664000DFCA5 /* Client */,
				19C9073228381F2200C0EDC1 /* TVList */,
				19C9074328381F2400C0EDC1 /* TVListTests */,
				19C9074D28381F2400C0EDC1 /* TVListUITests */,
				19C9073128381F2200C0EDC1 /* Products */,
				19275256283C4BF1000DFCA5 /* Frameworks */,
			);
			sourceTree = "<group>";
		};
		19C9073128381F2200C0EDC1 /* Products */ = {
			isa = PBXGroup;
			children = (
				19C9073028381F2200C0EDC1 /* TVList.app */,
				19C9074028381F2400C0EDC1 /* TVListTests.xctest */,
				19C9074A28381F2400C0EDC1 /* TVListUITests.xctest */,
			);
			name = Products;
			sourceTree = "<group>";
		};
		19C9073228381F2200C0EDC1 /* TVList */ = {
			isa = PBXGroup;
			children = (
				19C9073328381F2200C0EDC1 /* TVListApp.swift */,
				1927525F283C6B1A000DFCA5 /* Data */,
				19275261283C6B25000DFCA5 /* Scenes */,
				19C9073728381F2400C0EDC1 /* Assets.xcassets */,
				19C9073928381F2400C0EDC1 /* Preview Content */,
			);
			path = TVList;
			sourceTree = "<group>";
		};
		19C9073928381F2400C0EDC1 /* Preview Content */ = {
			isa = PBXGroup;
			children = (
				19C9073A28381F2400C0EDC1 /* Preview Assets.xcassets */,
			);
			path = "Preview Content";
			sourceTree = "<group>";
		};
		19C9074328381F2400C0EDC1 /* TVListTests */ = {
			isa = PBXGroup;
			children = (
				19B812E9283DA1C1004F22AF /* Mock */,
				19B812E8283DA1BD004F22AF /* Data */,
			);
			path = TVListTests;
			sourceTree = "<group>";
		};
		19C9074D28381F2400C0EDC1 /* TVListUITests */ = {
			isa = PBXGroup;
			children = (
			);
			path = TVListUITests;
			sourceTree = "<group>";
		};
/* End PBXGroup section */

/* Begin PBXNativeTarget section */
		19C9072F28381F2200C0EDC1 /* TVList */ = {
			isa = PBXNativeTarget;
			buildConfigurationList = 19C9075428381F2400C0EDC1 /* Build configuration list for PBXNativeTarget "TVList" */;
			buildPhases = (
				19C9072C28381F2200C0EDC1 /* Sources */,
				19C9072D28381F2200C0EDC1 /* Frameworks */,
				19C9072E28381F2200C0EDC1 /* Resources */,
			);
			buildRules = (
			);
			dependencies = (
			);
			name = TVList;
			packageProductDependencies = (
				19275257283C4BF1000DFCA5 /* Client */,
			);
			productName = TVList;
			productReference = 19C9073028381F2200C0EDC1 /* TVList.app */;
			productType = "com.apple.product-type.application";
		};
		19C9073F28381F2400C0EDC1 /* TVListTests */ = {
			isa = PBXNativeTarget;
			buildConfigurationList = 19C9075728381F2400C0EDC1 /* Build configuration list for PBXNativeTarget "TVListTests" */;
			buildPhases = (
				19C9073C28381F2400C0EDC1 /* Sources */,
				19C9073D28381F2400C0EDC1 /* Frameworks */,
				19C9073E28381F2400C0EDC1 /* Resources */,
			);
			buildRules = (
			);
			dependencies = (
				19C9074228381F2400C0EDC1 /* PBXTargetDependency */,
			);
			name = TVListTests;
			productName = TVListTests;
			productReference = 19C9074028381F2400C0EDC1 /* TVListTests.xctest */;
			productType = "com.apple.product-type.bundle.unit-test";
		};
		19C9074928381F2400C0EDC1 /* TVListUITests */ = {
			isa = PBXNativeTarget;
			buildConfigurationList = 19C9075A28381F2400C0EDC1 /* Build configuration list for PBXNativeTarget "TVListUITests" */;
			buildPhases = (
				19C9074628381F2400C0EDC1 /* Sources */,
				19C9074728381F2400C0EDC1 /* Frameworks */,
				19C9074828381F2400C0EDC1 /* Resources */,
			);
			buildRules = (
			);
			dependencies = (
				19C9074C28381F2400C0EDC1 /* PBXTargetDependency */,
			);
			name = TVListUITests;
			productName = TVListUITests;
			productReference = 19C9074A28381F2400C0EDC1 /* TVListUITests.xctest */;
			productType = "com.apple.product-type.bundle.ui-testing";
		};
/* End PBXNativeTarget section */

/* Begin PBXProject section */
		19C9072828381F2200C0EDC1 /* Project object */ = {
			isa = PBXProject;
			attributes = {
				BuildIndependentTargetsInParallel = 1;
				LastSwiftUpdateCheck = 1320;
				LastUpgradeCheck = 1320;
				TargetAttributes = {
					19C9072F28381F2200C0EDC1 = {
						CreatedOnToolsVersion = 13.2;
					};
					19C9073F28381F2400C0EDC1 = {
						CreatedOnToolsVersion = 13.2;
						TestTargetID = 19C9072F28381F2200C0EDC1;
					};
					19C9074928381F2400C0EDC1 = {
						CreatedOnToolsVersion = 13.2;
						TestTargetID = 19C9072F28381F2200C0EDC1;
					};
				};
			};
			buildConfigurationList = 19C9072B28381F2200C0EDC1 /* Build configuration list for PBXProject "TVList" */;
			compatibilityVersion = "Xcode 13.0";
			developmentRegion = en;
			hasScannedForEncodings = 0;
			knownRegions = (
				en,
				Base,
			);
			mainGroup = 19C9072728381F2200C0EDC1;
			productRefGroup = 19C9073128381F2200C0EDC1 /* Products */;
			projectDirPath = "";
			projectRoot = "";
			targets = (
				19C9072F28381F2200C0EDC1 /* TVList */,
				19C9073F28381F2400C0EDC1 /* TVListTests */,
				19C9074928381F2400C0EDC1 /* TVListUITests */,
			);
		};
/* End PBXProject section */

/* Begin PBXResourcesBuildPhase section */
		19C9072E28381F2200C0EDC1 /* Resources */ = {
			isa = PBXResourcesBuildPhase;
			buildActionMask = 2147483647;
			files = (
				19C9073B28381F2400C0EDC1 /* Preview Assets.xcassets in Resources */,
				19C9073828381F2400C0EDC1 /* Assets.xcassets in Resources */,
			);
			runOnlyForDeploymentPostprocessing = 0;
		};
		19C9073E28381F2400C0EDC1 /* Resources */ = {
			isa = PBXResourcesBuildPhase;
			buildActionMask = 2147483647;
			files = (
			);
			runOnlyForDeploymentPostprocessing = 0;
		};
		19C9074828381F2400C0EDC1 /* Resources */ = {
			isa = PBXResourcesBuildPhase;
			buildActionMask = 2147483647;
			files = (
			);
			runOnlyForDeploymentPostprocessing = 0;
		};
/* End PBXResourcesBuildPhase section */

/* Begin PBXSourcesBuildPhase section */
		19C9072C28381F2200C0EDC1 /* Sources */ = {
			isa = PBXSourcesBuildPhase;
			buildActionMask = 2147483647;
			files = (
				19275263283C7127000DFCA5 /* Dependencies.swift in Sources */,
				19275254283C461A000DFCA5 /* SeriesListViewModel.swift in Sources */,
				19B812E7283D8673004F22AF /* Series.swift in Sources */,
				19C9073628381F2200C0EDC1 /* SeriesListView.swift in Sources */,
				1927525E283C6B16000DFCA5 /* SeriesRepository.swift in Sources */,
				1927525C283C6AB5000DFCA5 /* ClientService.swift in Sources */,
				19C9073428381F2200C0EDC1 /* TVListApp.swift in Sources */,
			);
			runOnlyForDeploymentPostprocessing = 0;
		};
		19C9073C28381F2400C0EDC1 /* Sources */ = {
			isa = PBXSourcesBuildPhase;
			buildActionMask = 2147483647;
			files = (
				19B812F1283DAA41004F22AF /* MockProvider.swift in Sources */,
				19B812ED283DA7CE004F22AF /* ClientServiceTests.swift in Sources */,
				19B812EF283DA8B1004F22AF /* MockClientRequester.swift in Sources */,
				19B812EB283DA21C004F22AF /* MockSeriesFetching.swift in Sources */,
				19C9074528381F2400C0EDC1 /* SeriesRepositoryTests.swift in Sources */,
			);
			runOnlyForDeploymentPostprocessing = 0;
		};
		19C9074628381F2400C0EDC1 /* Sources */ = {
			isa = PBXSourcesBuildPhase;
			buildActionMask = 2147483647;
			files = (
			);
			runOnlyForDeploymentPostprocessing = 0;
		};
/* End PBXSourcesBuildPhase section */

/* Begin PBXTargetDependency section */
		19C9074228381F2400C0EDC1 /* PBXTargetDependency */ = {
			isa = PBXTargetDependency;
			target = 19C9072F28381F2200C0EDC1 /* TVList */;
			targetProxy = 19C9074128381F2400C0EDC1 /* PBXContainerItemProxy */;
		};
		19C9074C28381F2400C0EDC1 /* PBXTargetDependency */ = {
			isa = PBXTargetDependency;
			target = 19C9072F28381F2200C0EDC1 /* TVList */;
			targetProxy = 19C9074B28381F2400C0EDC1 /* PBXContainerItemProxy */;
		};
/* End PBXTargetDependency section */

/* Begin XCBuildConfiguration section */
		19C9075228381F2400C0EDC1 /* Debug */ = {
			isa = XCBuildConfiguration;
			buildSettings = {
				ALWAYS_SEARCH_USER_PATHS = NO;
				CLANG_ANALYZER_NONNULL = YES;
				CLANG_ANALYZER_NUMBER_OBJECT_CONVERSION = YES_AGGRESSIVE;
				CLANG_CXX_LANGUAGE_STANDARD = "gnu++17";
				CLANG_CXX_LIBRARY = "libc++";
				CLANG_ENABLE_MODULES = YES;
				CLANG_ENABLE_OBJC_ARC = YES;
				CLANG_ENABLE_OBJC_WEAK = YES;
				CLANG_WARN_BLOCK_CAPTURE_AUTORELEASING = YES;
				CLANG_WARN_BOOL_CONVERSION = YES;
				CLANG_WARN_COMMA = YES;
				CLANG_WARN_CONSTANT_CONVERSION = YES;
				CLANG_WARN_DEPRECATED_OBJC_IMPLEMENTATIONS = YES;
				CLANG_WARN_DIRECT_OBJC_ISA_USAGE = YES_ERROR;
				CLANG_WARN_DOCUMENTATION_COMMENTS = YES;
				CLANG_WARN_EMPTY_BODY = YES;
				CLANG_WARN_ENUM_CONVERSION = YES;
				CLANG_WARN_INFINITE_RECURSION = YES;
				CLANG_WARN_INT_CONVERSION = YES;
				CLANG_WARN_NON_LITERAL_NULL_CONVERSION = YES;
				CLANG_WARN_OBJC_IMPLICIT_RETAIN_SELF = YES;
				CLANG_WARN_OBJC_LITERAL_CONVERSION = YES;
				CLANG_WARN_OBJC_ROOT_CLASS = YES_ERROR;
				CLANG_WARN_QUOTED_INCLUDE_IN_FRAMEWORK_HEADER = YES;
				CLANG_WARN_RANGE_LOOP_ANALYSIS = YES;
				CLANG_WARN_STRICT_PROTOTYPES = YES;
				CLANG_WARN_SUSPICIOUS_MOVE = YES;
				CLANG_WARN_UNGUARDED_AVAILABILITY = YES_AGGRESSIVE;
				CLANG_WARN_UNREACHABLE_CODE = YES;
				CLANG_WARN__DUPLICATE_METHOD_MATCH = YES;
				COPY_PHASE_STRIP = NO;
				DEBUG_INFORMATION_FORMAT = dwarf;
				ENABLE_STRICT_OBJC_MSGSEND = YES;
				ENABLE_TESTABILITY = YES;
				GCC_C_LANGUAGE_STANDARD = gnu11;
				GCC_DYNAMIC_NO_PIC = NO;
				GCC_NO_COMMON_BLOCKS = YES;
				GCC_OPTIMIZATION_LEVEL = 0;
				GCC_PREPROCESSOR_DEFINITIONS = (
					"DEBUG=1",
					"$(inherited)",
				);
				GCC_WARN_64_TO_32_BIT_CONVERSION = YES;
				GCC_WARN_ABOUT_RETURN_TYPE = YES_ERROR;
				GCC_WARN_UNDECLARED_SELECTOR = YES;
				GCC_WARN_UNINITIALIZED_AUTOS = YES_AGGRESSIVE;
				GCC_WARN_UNUSED_FUNCTION = YES;
				GCC_WARN_UNUSED_VARIABLE = YES;
				IPHONEOS_DEPLOYMENT_TARGET = 15.2;
				MTL_ENABLE_DEBUG_INFO = INCLUDE_SOURCE;
				MTL_FAST_MATH = YES;
				ONLY_ACTIVE_ARCH = YES;
				SDKROOT = iphoneos;
				SWIFT_ACTIVE_COMPILATION_CONDITIONS = DEBUG;
				SWIFT_OPTIMIZATION_LEVEL = "-Onone";
			};
			name = Debug;
		};
		19C9075328381F2400C0EDC1 /* Release */ = {
			isa = XCBuildConfiguration;
			buildSettings = {
				ALWAYS_SEARCH_USER_PATHS = NO;
				CLANG_ANALYZER_NONNULL = YES;
				CLANG_ANALYZER_NUMBER_OBJECT_CONVERSION = YES_AGGRESSIVE;
				CLANG_CXX_LANGUAGE_STANDARD = "gnu++17";
				CLANG_CXX_LIBRARY = "libc++";
				CLANG_ENABLE_MODULES = YES;
				CLANG_ENABLE_OBJC_ARC = YES;
				CLANG_ENABLE_OBJC_WEAK = YES;
				CLANG_WARN_BLOCK_CAPTURE_AUTORELEASING = YES;
				CLANG_WARN_BOOL_CONVERSION = YES;
				CLANG_WARN_COMMA = YES;
				CLANG_WARN_CONSTANT_CONVERSION = YES;
				CLANG_WARN_DEPRECATED_OBJC_IMPLEMENTATIONS = YES;
				CLANG_WARN_DIRECT_OBJC_ISA_USAGE = YES_ERROR;
				CLANG_WARN_DOCUMENTATION_COMMENTS = YES;
				CLANG_WARN_EMPTY_BODY = YES;
				CLANG_WARN_ENUM_CONVERSION = YES;
				CLANG_WARN_INFINITE_RECURSION = YES;
				CLANG_WARN_INT_CONVERSION = YES;
				CLANG_WARN_NON_LITERAL_NULL_CONVERSION = YES;
				CLANG_WARN_OBJC_IMPLICIT_RETAIN_SELF = YES;
				CLANG_WARN_OBJC_LITERAL_CONVERSION = YES;
				CLANG_WARN_OBJC_ROOT_CLASS = YES_ERROR;
				CLANG_WARN_QUOTED_INCLUDE_IN_FRAMEWORK_HEADER = YES;
				CLANG_WARN_RANGE_LOOP_ANALYSIS = YES;
				CLANG_WARN_STRICT_PROTOTYPES = YES;
				CLANG_WARN_SUSPICIOUS_MOVE = YES;
				CLANG_WARN_UNGUARDED_AVAILABILITY = YES_AGGRESSIVE;
				CLANG_WARN_UNREACHABLE_CODE = YES;
				CLANG_WARN__DUPLICATE_METHOD_MATCH = YES;
				COPY_PHASE_STRIP = NO;
				DEBUG_INFORMATION_FORMAT = "dwarf-with-dsym";
				ENABLE_NS_ASSERTIONS = NO;
				ENABLE_STRICT_OBJC_MSGSEND = YES;
				GCC_C_LANGUAGE_STANDARD = gnu11;
				GCC_NO_COMMON_BLOCKS = YES;
				GCC_WARN_64_TO_32_BIT_CONVERSION = YES;
				GCC_WARN_ABOUT_RETURN_TYPE = YES_ERROR;
				GCC_WARN_UNDECLARED_SELECTOR = YES;
				GCC_WARN_UNINITIALIZED_AUTOS = YES_AGGRESSIVE;
				GCC_WARN_UNUSED_FUNCTION = YES;
				GCC_WARN_UNUSED_VARIABLE = YES;
				IPHONEOS_DEPLOYMENT_TARGET = 15.2;
				MTL_ENABLE_DEBUG_INFO = NO;
				MTL_FAST_MATH = YES;
				SDKROOT = iphoneos;
				SWIFT_COMPILATION_MODE = wholemodule;
				SWIFT_OPTIMIZATION_LEVEL = "-O";
				VALIDATE_PRODUCT = YES;
			};
			name = Release;
		};
		19C9075528381F2400C0EDC1 /* Debug */ = {
			isa = XCBuildConfiguration;
			buildSettings = {
				ASSETCATALOG_COMPILER_APPICON_NAME = AppIcon;
				ASSETCATALOG_COMPILER_GLOBAL_ACCENT_COLOR_NAME = AccentColor;
				CODE_SIGN_STYLE = Automatic;
				CURRENT_PROJECT_VERSION = 1;
				DEVELOPMENT_ASSET_PATHS = "\"TVList/Preview Content\"";
				ENABLE_PREVIEWS = YES;
				GENERATE_INFOPLIST_FILE = YES;
				INFOPLIST_KEY_UIApplicationSceneManifest_Generation = YES;
				INFOPLIST_KEY_UIApplicationSupportsIndirectInputEvents = YES;
				INFOPLIST_KEY_UILaunchScreen_Generation = YES;
				INFOPLIST_KEY_UISupportedInterfaceOrientations_iPad = "UIInterfaceOrientationPortrait UIInterfaceOrientationPortraitUpsideDown UIInterfaceOrientationLandscapeLeft UIInterfaceOrientationLandscapeRight";
				INFOPLIST_KEY_UISupportedInterfaceOrientations_iPhone = "UIInterfaceOrientationPortrait UIInterfaceOrientationLandscapeLeft UIInterfaceOrientationLandscapeRight";
				IPHONEOS_DEPLOYMENT_TARGET = 15.0;
				LD_RUNPATH_SEARCH_PATHS = (
					"$(inherited)",
					"@executable_path/Frameworks",
				);
				MARKETING_VERSION = 1.0;
				PRODUCT_BUNDLE_IDENTIFIER = com.sperotto.TVList;
				PRODUCT_NAME = "$(TARGET_NAME)";
				SWIFT_EMIT_LOC_STRINGS = YES;
				SWIFT_VERSION = 5.0;
				TARGETED_DEVICE_FAMILY = "1,2";
			};
			name = Debug;
		};
		19C9075628381F2400C0EDC1 /* Release */ = {
			isa = XCBuildConfiguration;
			buildSettings = {
				ASSETCATALOG_COMPILER_APPICON_NAME = AppIcon;
				ASSETCATALOG_COMPILER_GLOBAL_ACCENT_COLOR_NAME = AccentColor;
				CODE_SIGN_STYLE = Automatic;
				CURRENT_PROJECT_VERSION = 1;
				DEVELOPMENT_ASSET_PATHS = "\"TVList/Preview Content\"";
				ENABLE_PREVIEWS = YES;
				GENERATE_INFOPLIST_FILE = YES;
				INFOPLIST_KEY_UIApplicationSceneManifest_Generation = YES;
				INFOPLIST_KEY_UIApplicationSupportsIndirectInputEvents = YES;
				INFOPLIST_KEY_UILaunchScreen_Generation = YES;
				INFOPLIST_KEY_UISupportedInterfaceOrientations_iPad = "UIInterfaceOrientationPortrait UIInterfaceOrientationPortraitUpsideDown UIInterfaceOrientationLandscapeLeft UIInterfaceOrientationLandscapeRight";
				INFOPLIST_KEY_UISupportedInterfaceOrientations_iPhone = "UIInterfaceOrientationPortrait UIInterfaceOrientationLandscapeLeft UIInterfaceOrientationLandscapeRight";
				IPHONEOS_DEPLOYMENT_TARGET = 15.0;
				LD_RUNPATH_SEARCH_PATHS = (
					"$(inherited)",
					"@executable_path/Frameworks",
				);
				MARKETING_VERSION = 1.0;
				PRODUCT_BUNDLE_IDENTIFIER = com.sperotto.TVList;
				PRODUCT_NAME = "$(TARGET_NAME)";
				SWIFT_EMIT_LOC_STRINGS = YES;
				SWIFT_VERSION = 5.0;
				TARGETED_DEVICE_FAMILY = "1,2";
			};
			name = Release;
		};
		19C9075828381F2400C0EDC1 /* Debug */ = {
			isa = XCBuildConfiguration;
			buildSettings = {
				ALWAYS_EMBED_SWIFT_STANDARD_LIBRARIES = YES;
				BUNDLE_LOADER = "$(TEST_HOST)";
				CODE_SIGN_STYLE = Automatic;
				CURRENT_PROJECT_VERSION = 1;
				GENERATE_INFOPLIST_FILE = YES;
				IPHONEOS_DEPLOYMENT_TARGET = 15.2;
				MARKETING_VERSION = 1.0;
				PRODUCT_BUNDLE_IDENTIFIER = com.sperotto.TVListTests;
				PRODUCT_NAME = "$(TARGET_NAME)";
				SWIFT_EMIT_LOC_STRINGS = NO;
				SWIFT_VERSION = 5.0;
				TARGETED_DEVICE_FAMILY = "1,2";
				TEST_HOST = "$(BUILT_PRODUCTS_DIR)/TVList.app/TVList";
			};
			name = Debug;
		};
		19C9075928381F2400C0EDC1 /* Release */ = {
			isa = XCBuildConfiguration;
			buildSettings = {
				ALWAYS_EMBED_SWIFT_STANDARD_LIBRARIES = YES;
				BUNDLE_LOADER = "$(TEST_HOST)";
				CODE_SIGN_STYLE = Automatic;
				CURRENT_PROJECT_VERSION = 1;
				GENERATE_INFOPLIST_FILE = YES;
				IPHONEOS_DEPLOYMENT_TARGET = 15.2;
				MARKETING_VERSION = 1.0;
				PRODUCT_BUNDLE_IDENTIFIER = com.sperotto.TVListTests;
				PRODUCT_NAME = "$(TARGET_NAME)";
				SWIFT_EMIT_LOC_STRINGS = NO;
				SWIFT_VERSION = 5.0;
				TARGETED_DEVICE_FAMILY = "1,2";
				TEST_HOST = "$(BUILT_PRODUCTS_DIR)/TVList.app/TVList";
			};
			name = Release;
		};
		19C9075B28381F2400C0EDC1 /* Debug */ = {
			isa = XCBuildConfiguration;
			buildSettings = {
				ALWAYS_EMBED_SWIFT_STANDARD_LIBRARIES = YES;
				CODE_SIGN_STYLE = Automatic;
				CURRENT_PROJECT_VERSION = 1;
				GENERATE_INFOPLIST_FILE = YES;
				MARKETING_VERSION = 1.0;
				PRODUCT_BUNDLE_IDENTIFIER = com.sperotto.TVListUITests;
				PRODUCT_NAME = "$(TARGET_NAME)";
				SWIFT_EMIT_LOC_STRINGS = NO;
				SWIFT_VERSION = 5.0;
				TARGETED_DEVICE_FAMILY = "1,2";
				TEST_TARGET_NAME = TVList;
			};
			name = Debug;
		};
		19C9075C28381F2400C0EDC1 /* Release */ = {
			isa = XCBuildConfiguration;
			buildSettings = {
				ALWAYS_EMBED_SWIFT_STANDARD_LIBRARIES = YES;
				CODE_SIGN_STYLE = Automatic;
				CURRENT_PROJECT_VERSION = 1;
				GENERATE_INFOPLIST_FILE = YES;
				MARKETING_VERSION = 1.0;
				PRODUCT_BUNDLE_IDENTIFIER = com.sperotto.TVListUITests;
				PRODUCT_NAME = "$(TARGET_NAME)";
				SWIFT_EMIT_LOC_STRINGS = NO;
				SWIFT_VERSION = 5.0;
				TARGETED_DEVICE_FAMILY = "1,2";
				TEST_TARGET_NAME = TVList;
			};
			name = Release;
		};
/* End XCBuildConfiguration section */

/* Begin XCConfigurationList section */
		19C9072B28381F2200C0EDC1 /* Build configuration list for PBXProject "TVList" */ = {
			isa = XCConfigurationList;
			buildConfigurations = (
				19C9075228381F2400C0EDC1 /* Debug */,
				19C9075328381F2400C0EDC1 /* Release */,
			);
			defaultConfigurationIsVisible = 0;
			defaultConfigurationName = Release;
		};
		19C9075428381F2400C0EDC1 /* Build configuration list for PBXNativeTarget "TVList" */ = {
			isa = XCConfigurationList;
			buildConfigurations = (
				19C9075528381F2400C0EDC1 /* Debug */,
				19C9075628381F2400C0EDC1 /* Release */,
			);
			defaultConfigurationIsVisible = 0;
			defaultConfigurationName = Release;
		};
		19C9075728381F2400C0EDC1 /* Build configuration list for PBXNativeTarget "TVListTests" */ = {
			isa = XCConfigurationList;
			buildConfigurations = (
				19C9075828381F2400C0EDC1 /* Debug */,
				19C9075928381F2400C0EDC1 /* Release */,
			);
			defaultConfigurationIsVisible = 0;
			defaultConfigurationName = Release;
		};
		19C9075A28381F2400C0EDC1 /* Build configuration list for PBXNativeTarget "TVListUITests" */ = {
			isa = XCConfigurationList;
			buildConfigurations = (
				19C9075B28381F2400C0EDC1 /* Debug */,
				19C9075C28381F2400C0EDC1 /* Release */,
			);
			defaultConfigurationIsVisible = 0;
			defaultConfigurationName = Release;
		};
/* End XCConfigurationList section */

/* Begin XCSwiftPackageProductDependency section */
		19275257283C4BF1000DFCA5 /* Client */ = {
			isa = XCSwiftPackageProductDependency;
			productName = Client;
		};
/* End XCSwiftPackageProductDependency section */
	};
	rootObject = 19C9072828381F2200C0EDC1 /* Project object */;
}
